
Microsoft Visual Studio Solution File, Format Version 12.00
# Visual Studio 15
Project("{FAE04EC0-301F-11D3-BF4B-00C04F79EFBC}") = "Assembly-CSharp", "Assembly-CSharp.csproj", "{594FCBB9-A020-FACC-B50F-2F149DBB43A7}"
EndProject
Project("{FAE04EC0-301F-11D3-BF4B-00C04F79EFBC}") = "Assembly-CSharp-Editor", "Assembly-CSharp-Editor.csproj", "{251A20C4-68B0-C89F-E7EE-1A2F2CAF3578}"
EndProject
Global
	GlobalSection(SolutionConfigurationPlatforms) = preSolution
		Debug|Any CPU = Debug|Any CPU
		Release|Any CPU = Release|Any CPU
	EndGlobalSection
	GlobalSection(ProjectConfigurationPlatforms) = postSolution
		{594FCBB9-A020-FACC-B50F-2F149DBB43A7}.Debug|Any CPU.ActiveCfg = Debug|Any CPU
		{594FCBB9-A020-FACC-B50F-2F149DBB43A7}.Debug|Any CPU.Build.0 = Debug|Any CPU
		{594FCBB9-A020-FACC-B50F-2F149DBB43A7}.Release|Any CPU.ActiveCfg = Release|Any CPU
		{594FCBB9-A020-FACC-B50F-2F149DBB43A7}.Release|Any CPU.Build.0 = Release|Any CPU
		{251A20C4-68B0-C89F-E7EE-1A2F2CAF3578}.Debug|Any CPU.ActiveCfg = Debug|Any CPU
		{251A20C4-68B0-C89F-E7EE-1A2F2CAF3578}.Debug|Any CPU.Build.0 = Debug|Any CPU
		{251A20C4-68B0-C89F-E7EE-1A2F2CAF3578}.Release|Any CPU.ActiveCfg = Release|Any CPU
		{251A20C4-68B0-C89F-E7EE-1A2F2CAF3578}.Release|Any CPU.Build.0 = Release|Any CPU
	EndGlobalSection
	GlobalSection(SolutionProperties) = preSolution
		HideSolutionNode = FALSE
	EndGlobalSection
EndGlobal
